
Microsoft Visual Studio Solution File, Format Version 12.00
# Visual Studio Version 16
VisualStudioVersion = 16.0.28315.86
MinimumVisualStudioVersion = 10.0.40219.1
Project("{2150E333-8FDC-42A3-9474-1A3956D46DE8}") = "Engine", "Engine", "{99F13AF1-01A8-4627-83EA-AC1F52B49610}"
EndProject
Project("{2150E333-8FDC-42A3-9474-1A3956D46DE8}") = "Games", "Games", "{F82EEFFE-B3AE-4362-A716-A7D00C8F4145}"
EndProject
Project("{8BC9CEB8-8B4A-11D0-8D11-00A0C91BC942}") = "ML", "Intermediate\ProjectFiles\ML.vcxproj", "{1FE2E18A-1830-49FE-8155-E2C35009E70C}"
EndProject
Project("{8BC9CEB8-8B4A-11D0-8D11-00A0C91BC942}") = "UE4", "Intermediate\ProjectFiles\UE4.vcxproj", "{88D29165-FA96-4F36-8466-B6CBDFB37027}"
EndProject
Project("{2150E333-8FDC-42A3-9474-1A3956D46DE8}") = "Visualizers", "Visualizers", "{F42E9D30-DFC6-4691-83BF-EB4060FD49F4}"
	ProjectSection(SolutionItems) = preProject
		..\UE_4.22\Engine\Extras\VisualStudioDebugging\UE4.natvis = ..\UE_4.22\Engine\Extras\VisualStudioDebugging\UE4.natvis
	EndProjectSection
EndProject
Global
	GlobalSection(SolutionConfigurationPlatforms) = preSolution
		DebugGame Editor|Win32 = DebugGame Editor|Win32
		DebugGame Editor|Win64 = DebugGame Editor|Win64
		DebugGame|Win32 = DebugGame|Win32
		DebugGame|Win64 = DebugGame|Win64
		Development Editor|Win32 = Development Editor|Win32
		Development Editor|Win64 = Development Editor|Win64
		Development|Win32 = Development|Win32
		Development|Win64 = Development|Win64
		Shipping|Win32 = Shipping|Win32
		Shipping|Win64 = Shipping|Win64
	EndGlobalSection
	GlobalSection(ProjectConfigurationPlatforms) = postSolution
		{1FE2E18A-1830-49FE-8155-E2C35009E70C}.DebugGame Editor|Win32.ActiveCfg = Invalid|Win32
		{1FE2E18A-1830-49FE-8155-E2C35009E70C}.DebugGame Editor|Win64.ActiveCfg = DebugGame_Editor|x64
		{1FE2E18A-1830-49FE-8155-E2C35009E70C}.DebugGame Editor|Win64.Build.0 = DebugGame_Editor|x64
		{1FE2E18A-1830-49FE-8155-E2C35009E70C}.DebugGame|Win32.ActiveCfg = DebugGame|Win32
		{1FE2E18A-1830-49FE-8155-E2C35009E70C}.DebugGame|Win32.Build.0 = DebugGame|Win32
		{1FE2E18A-1830-49FE-8155-E2C35009E70C}.DebugGame|Win64.ActiveCfg = DebugGame|x64
		{1FE2E18A-1830-49FE-8155-E2C35009E70C}.DebugGame|Win64.Build.0 = DebugGame|x64
		{1FE2E18A-1830-49FE-8155-E2C35009E70C}.Development Editor|Win32.ActiveCfg = Invalid|Win32
		{1FE2E18A-1830-49FE-8155-E2C35009E70C}.Development Editor|Win64.ActiveCfg = Development_Editor|x64
		{1FE2E18A-1830-49FE-8155-E2C35009E70C}.Development Editor|Win64.Build.0 = Development_Editor|x64
		{1FE2E18A-1830-49FE-8155-E2C35009E70C}.Development|Win32.ActiveCfg = Development|Win32
		{1FE2E18A-1830-49FE-8155-E2C35009E70C}.Development|Win32.Build.0 = Development|Win32
		{1FE2E18A-1830-49FE-8155-E2C35009E70C}.Development|Win64.ActiveCfg = Development|x64
		{1FE2E18A-1830-49FE-8155-E2C35009E70C}.Development|Win64.Build.0 = Development|x64
		{1FE2E18A-1830-49FE-8155-E2C35009E70C}.Shipping|Win32.ActiveCfg = Shipping|Win32
		{1FE2E18A-1830-49FE-8155-E2C35009E70C}.Shipping|Win32.Build.0 = Shipping|Win32
		{1FE2E18A-1830-49FE-8155-E2C35009E70C}.Shipping|Win64.ActiveCfg = Shipping|x64
		{1FE2E18A-1830-49FE-8155-E2C35009E70C}.Shipping|Win64.Build.0 = Shipping|x64
		{88D29165-FA96-4F36-8466-B6CBDFB37027}.DebugGame Editor|Win32.ActiveCfg = BuiltWithUnrealBuildTool|Win32
		{88D29165-FA96-4F36-8466-B6CBDFB37027}.DebugGame Editor|Win64.ActiveCfg = BuiltWithUnrealBuildTool|Win32
		{88D29165-FA96-4F36-8466-B6CBDFB37027}.DebugGame|Win32.ActiveCfg = BuiltWithUnrealBuildTool|Win32
		{88D29165-FA96-4F36-8466-B6CBDFB37027}.DebugGame|Win64.ActiveCfg = BuiltWithUnrealBuildTool|Win32
		{88D29165-FA96-4F36-8466-B6CBDFB37027}.Development Editor|Win32.ActiveCfg = BuiltWithUnrealBuildTool|Win32
		{88D29165-FA96-4F36-8466-B6CBDFB37027}.Development Editor|Win64.ActiveCfg = BuiltWithUnrealBuildTool|Win32
		{88D29165-FA96-4F36-8466-B6CBDFB37027}.Development|Win32.ActiveCfg = BuiltWithUnrealBuildTool|Win32
		{88D29165-FA96-4F36-8466-B6CBDFB37027}.Development|Win64.ActiveCfg = BuiltWithUnrealBuildTool|Win32
		{88D29165-FA96-4F36-8466-B6CBDFB37027}.Shipping|Win32.ActiveCfg = BuiltWithUnrealBuildTool|Win32
		{88D29165-FA96-4F36-8466-B6CBDFB37027}.Shipping|Win64.ActiveCfg = BuiltWithUnrealBuildTool|Win32
	EndGlobalSection
	GlobalSection(SolutionProperties) = preSolution
		HideSolutionNode = FALSE
	EndGlobalSection
	GlobalSection(NestedProjects) = preSolution
		{88D29165-FA96-4F36-8466-B6CBDFB37027} = {99F13AF1-01A8-4627-83EA-AC1F52B49610}
		{1FE2E18A-1830-49FE-8155-E2C35009E70C} = {F82EEFFE-B3AE-4362-A716-A7D00C8F4145}
	EndGlobalSection
EndGlobal
